
Microsoft Visual Studio Solution File, Format Version 12.00
# Visual Studio Version 16
VisualStudioVersion = 16.0.808.8
MinimumVisualStudioVersion = 10.0.40219.1
Project("{FAE04EC0-301F-11D3-BF4B-00C04F79EFBC}") = "MazeGen", "MazeGen\MazeGen.csproj", "{42279818-2A63-4352-AE3F-30C0531DD2CA}"
EndProject
Global
	GlobalSection(SolutionConfigurationPlatforms) = preSolution
		Debug|Any CPU = Debug|Any CPU
		Release|Any CPU = Release|Any CPU
	EndGlobalSection
	GlobalSection(ProjectConfigurationPlatforms) = postSolution
		{42279818-2A63-4352-AE3F-30C0531DD2CA}.Debug|Any CPU.ActiveCfg = Debug|Any CPU
		{42279818-2A63-4352-AE3F-30C0531DD2CA}.Debug|Any CPU.Build.0 = Debug|Any CPU
		{42279818-2A63-4352-AE3F-30C0531DD2CA}.Release|Any CPU.ActiveCfg = Release|Any CPU
		{42279818-2A63-4352-AE3F-30C0531DD2CA}.Release|Any CPU.Build.0 = Release|Any CPU
	EndGlobalSection
	GlobalSection(SolutionProperties) = preSolution
		HideSolutionNode = FALSE
	EndGlobalSection
	GlobalSection(ExtensibilityGlobals) = postSolution
		SolutionGuid = {03175AAC-4C98-4D4A-BC67-4F43942921B8}
	EndGlobalSection
EndGlobal
